{
	"name": "telos-server-project",
	"version": "1.0.0",
	"lockfileVersion": 3,
	"requires": true,
	"packages": {
		"": {
			"name": "telos-server-project",
			"version": "1.0.0",
			"license": "Apache-2.0",
			"dependencies": {
				"apint": "^1.0.1",
				"bus-net": "^1.0.2",
				"telos-server": "^1.0.3",
				"xmlhttprequest": "~1.8.0"
			}
		},
		"node_modules/apint": {
			"version": "1.0.1",
			"resolved": "https://registry.npmjs.org/apint/-/apint-1.0.1.tgz",
			"integrity": "sha512-a8PlWbl+Aune0JR9dc5axOaQ1EvKVGvM/2/niFyQ5Y06wezw0VdgPDVaIl5YSGbvRyh4N8ke2J1LnWBEM7MIWg==",
			"license": "Apache-2.0"
		},
		"node_modules/bus-net": {
			"version": "1.0.2",
			"resolved": "https://registry.npmjs.org/bus-net/-/bus-net-1.0.2.tgz",
			"integrity": "sha512-8aBl5povByElUe4ww7AbbNDhel5lwB11ut1pOXdgcoJtqwu4uw9hHgXUqaJdgxJhq767zY0SrpRtKFKtyIhfzw==",
			"license": "Apache-2.0"
		},
		"node_modules/telos-server": {
			"version": "1.0.3",
			"resolved": "https://registry.npmjs.org/telos-server/-/telos-server-1.0.3.tgz",
			"integrity": "sha512-nnQx9ya0rRANTAYtcl4ue8Y+p0IkC6WxpfZlszsG9jjk6Gv2IqMAXaojqKLM2H9ASIFxqRicEoGK1Wz40f5yWg==",
			"license": "Apache-2.0",
			"dependencies": {
				"apint": "~1.0.0",
				"bus-net": "~1.0.0",
				"telos-use-js": "~1.0.0"
			}
		},
		"node_modules/telos-use-js": {
			"version": "1.0.3",
			"resolved": "https://registry.npmjs.org/telos-use-js/-/telos-use-js-1.0.3.tgz",
			"integrity": "sha512-OyYEM2THnn7QKCvraO/HB3VqXOBg6YdbRSwvzXiFe1baBlfx4B7r5cWg8/xo/aIZK7VGtR/A18U6YxCcjqi6mg==",
			"license": "Apache-2.0",
			"dependencies": {
				"xmlhttprequest": "^1.8.0"
			}
		},
		"node_modules/xmlhttprequest": {
			"version": "1.8.0",
			"resolved": "https://registry.npmjs.org/xmlhttprequest/-/xmlhttprequest-1.8.0.tgz",
			"integrity": "sha512-58Im/U0mlVBLM38NdZjHyhuMtCqa61469k2YP/AaPbvCoV9aQGUpbJBj1QRm2ytRiVQBD/fsw7L2bJGDVQswBA==",
			"license": "MIT",
			"engines": {
				"node": ">=0.4.0"
			}
		}
	}
}
